// !$*UTF8*$!
{
	archiveVersion = 1;
	classes = {
	};
	objectVersion = 50;
	objects = {

/* Begin PBXBuildFile section */
		2D65376F27186F9E0047E161 /* AppDelegate.swift in Sources */ = {isa = PBXBuildFile; fileRef = 2D65376E27186F9E0047E161 /* AppDelegate.swift */; };
		2D65377627186F9E0047E161 /* Weather.storyboard in Resources */ = {isa = PBXBuildFile; fileRef = 2D65377427186F9E0047E161 /* Weather.storyboard */; };
		2D65377827186FA00047E161 /* Assets.xcassets in Resources */ = {isa = PBXBuildFile; fileRef = 2D65377727186FA00047E161 /* Assets.xcassets */; };
		2D65377B27186FA00047E161 /* LaunchScreen.storyboard in Resources */ = {isa = PBXBuildFile; fileRef = 2D65377927186FA00047E161 /* LaunchScreen.storyboard */; };
		2D65378627186FA00047E161 /* weatherTests.swift in Sources */ = {isa = PBXBuildFile; fileRef = 2D65378527186FA00047E161 /* weatherTests.swift */; };
		2D65379127186FA00047E161 /* weatherUITests.swift in Sources */ = {isa = PBXBuildFile; fileRef = 2D65379027186FA00047E161 /* weatherUITests.swift */; };
		2D6537A72718742D0047E161 /* MainScreenViewController.swift in Sources */ = {isa = PBXBuildFile; fileRef = 2D6537A52718742D0047E161 /* MainScreenViewController.swift */; };
		2D6537A82718742D0047E161 /* MainScreenViewController.xib in Resources */ = {isa = PBXBuildFile; fileRef = 2D6537A62718742D0047E161 /* MainScreenViewController.xib */; };
		2D6537AB271874480047E161 /* MainScreenViewModel.swift in Sources */ = {isa = PBXBuildFile; fileRef = 2D6537AA271874480047E161 /* MainScreenViewModel.swift */; };
		2D6537AE27187A380047E161 /* AppCoordinator.swift in Sources */ = {isa = PBXBuildFile; fileRef = 2D6537AD27187A380047E161 /* AppCoordinator.swift */; };
/* End PBXBuildFile section */

/* Begin PBXContainerItemProxy section */
		2D65378227186FA00047E161 /* PBXContainerItemProxy */ = {
			isa = PBXContainerItemProxy;
			containerPortal = 2D65376327186F9E0047E161 /* Project object */;
			proxyType = 1;
			remoteGlobalIDString = 2D65376A27186F9E0047E161;
			remoteInfo = weather;
		};
		2D65378D27186FA00047E161 /* PBXContainerItemProxy */ = {
			isa = PBXContainerItemProxy;
			containerPortal = 2D65376327186F9E0047E161 /* Project object */;
			proxyType = 1;
			remoteGlobalIDString = 2D65376A27186F9E0047E161;
			remoteInfo = weather;
		};
/* End PBXContainerItemProxy section */

/* Begin PBXFileReference section */
		2D65376B27186F9E0047E161 /* weather.app */ = {isa = PBXFileReference; explicitFileType = wrapper.application; includeInIndex = 0; path = weather.app; sourceTree = BUILT_PRODUCTS_DIR; };
		2D65376E27186F9E0047E161 /* AppDelegate.swift */ = {isa = PBXFileReference; lastKnownFileType = sourcecode.swift; path = AppDelegate.swift; sourceTree = "<group>"; };
		2D65377527186F9E0047E161 /* Base */ = {isa = PBXFileReference; lastKnownFileType = file.storyboard; name = Base; path = Base.lproj/Weather.storyboard; sourceTree = "<group>"; };
		2D65377727186FA00047E161 /* Assets.xcassets */ = {isa = PBXFileReference; lastKnownFileType = folder.assetcatalog; path = Assets.xcassets; sourceTree = "<group>"; };
		2D65377A27186FA00047E161 /* Base */ = {isa = PBXFileReference; lastKnownFileType = file.storyboard; name = Base; path = Base.lproj/LaunchScreen.storyboard; sourceTree = "<group>"; };
		2D65377C27186FA00047E161 /* Info.plist */ = {isa = PBXFileReference; lastKnownFileType = text.plist.xml; path = Info.plist; sourceTree = "<group>"; };
		2D65378127186FA00047E161 /* weatherTests.xctest */ = {isa = PBXFileReference; explicitFileType = wrapper.cfbundle; includeInIndex = 0; path = weatherTests.xctest; sourceTree = BUILT_PRODUCTS_DIR; };
		2D65378527186FA00047E161 /* weatherTests.swift */ = {isa = PBXFileReference; lastKnownFileType = sourcecode.swift; path = weatherTests.swift; sourceTree = "<group>"; };
		2D65378727186FA00047E161 /* Info.plist */ = {isa = PBXFileReference; lastKnownFileType = text.plist.xml; path = Info.plist; sourceTree = "<group>"; };
		2D65378C27186FA00047E161 /* weatherUITests.xctest */ = {isa = PBXFileReference; explicitFileType = wrapper.cfbundle; includeInIndex = 0; path = weatherUITests.xctest; sourceTree = BUILT_PRODUCTS_DIR; };
		2D65379027186FA00047E161 /* weatherUITests.swift */ = {isa = PBXFileReference; lastKnownFileType = sourcecode.swift; path = weatherUITests.swift; sourceTree = "<group>"; };
		2D65379227186FA00047E161 /* Info.plist */ = {isa = PBXFileReference; lastKnownFileType = text.plist.xml; path = Info.plist; sourceTree = "<group>"; };
		2D6537A52718742D0047E161 /* MainScreenViewController.swift */ = {isa = PBXFileReference; lastKnownFileType = sourcecode.swift; path = MainScreenViewController.swift; sourceTree = "<group>"; };
		2D6537A62718742D0047E161 /* MainScreenViewController.xib */ = {isa = PBXFileReference; lastKnownFileType = file.xib; path = MainScreenViewController.xib; sourceTree = "<group>"; };
		2D6537AA271874480047E161 /* MainScreenViewModel.swift */ = {isa = PBXFileReference; lastKnownFileType = sourcecode.swift; path = MainScreenViewModel.swift; sourceTree = "<group>"; };
		2D6537AD27187A380047E161 /* AppCoordinator.swift */ = {isa = PBXFileReference; lastKnownFileType = sourcecode.swift; path = AppCoordinator.swift; sourceTree = "<group>"; };
/* End PBXFileReference section */

/* Begin PBXFrameworksBuildPhase section */
		2D65376827186F9E0047E161 /* Frameworks */ = {
			isa = PBXFrameworksBuildPhase;
			buildActionMask = 2147483647;
			files = (
			);
			runOnlyForDeploymentPostprocessing = 0;
		};
		2D65377E27186FA00047E161 /* Frameworks */ = {
			isa = PBXFrameworksBuildPhase;
			buildActionMask = 2147483647;
			files = (
			);
			runOnlyForDeploymentPostprocessing = 0;
		};
		2D65378927186FA00047E161 /* Frameworks */ = {
			isa = PBXFrameworksBuildPhase;
			buildActionMask = 2147483647;
			files = (
			);
			runOnlyForDeploymentPostprocessing = 0;
		};
/* End PBXFrameworksBuildPhase section */

/* Begin PBXGroup section */
		2D65376227186F9E0047E161 = {
			isa = PBXGroup;
			children = (
				2D65376D27186F9E0047E161 /* weather */,
				2D65378427186FA00047E161 /* weatherTests */,
				2D65378F27186FA00047E161 /* weatherUITests */,
				2D65376C27186F9E0047E161 /* Products */,
			);
			sourceTree = "<group>";
		};
		2D65376C27186F9E0047E161 /* Products */ = {
			isa = PBXGroup;
			children = (
				2D65376B27186F9E0047E161 /* weather.app */,
				2D65378127186FA00047E161 /* weatherTests.xctest */,
				2D65378C27186FA00047E161 /* weatherUITests.xctest */,
			);
			name = Products;
			sourceTree = "<group>";
		};
		2D65376D27186F9E0047E161 /* weather */ = {
			isa = PBXGroup;
			children = (
				2D6537A1271872BC0047E161 /* Application */,
				2D6537A2271872EA0047E161 /* Resources */,
				2D65379E271872630047E161 /* Model */,
				2D65379F2718726F0047E161 /* Network */,
				2D6537AC27187A220047E161 /* Coordinators */,
				2D6537A3271873800047E161 /* ViewController */,
				2D6537A0271872890047E161 /* Utilities */,
			);
			path = weather;
			sourceTree = "<group>";
		};
		2D65378427186FA00047E161 /* weatherTests */ = {
			isa = PBXGroup;
			children = (
				2D65378527186FA00047E161 /* weatherTests.swift */,
				2D65378727186FA00047E161 /* Info.plist */,
			);
			path = weatherTests;
			sourceTree = "<group>";
		};
		2D65378F27186FA00047E161 /* weatherUITests */ = {
			isa = PBXGroup;
			children = (
				2D65379027186FA00047E161 /* weatherUITests.swift */,
				2D65379227186FA00047E161 /* Info.plist */,
			);
			path = weatherUITests;
			sourceTree = "<group>";
		};
		2D65379E271872630047E161 /* Model */ = {
			isa = PBXGroup;
			children = (
			);
			path = Model;
			sourceTree = "<group>";
		};
		2D65379F2718726F0047E161 /* Network */ = {
			isa = PBXGroup;
			children = (
			);
			path = Network;
			sourceTree = "<group>";
		};
		2D6537A0271872890047E161 /* Utilities */ = {
			isa = PBXGroup;
			children = (
			);
			path = Utilities;
			sourceTree = "<group>";
		};
		2D6537A1271872BC0047E161 /* Application */ = {
			isa = PBXGroup;
			children = (
				2D65376E27186F9E0047E161 /* AppDelegate.swift */,
				2D65377C27186FA00047E161 /* Info.plist */,
				2D65377427186F9E0047E161 /* Weather.storyboard */,
				2D65377927186FA00047E161 /* LaunchScreen.storyboard */,
			);
			path = Application;
			sourceTree = "<group>";
		};
		2D6537A2271872EA0047E161 /* Resources */ = {
			isa = PBXGroup;
			children = (
				2D65377727186FA00047E161 /* Assets.xcassets */,
			);
			path = Resources;
			sourceTree = "<group>";
		};
		2D6537A3271873800047E161 /* ViewController */ = {
			isa = PBXGroup;
			children = (
				2D6537A4271874100047E161 /* MainScreen */,
			);
			path = ViewController;
			sourceTree = "<group>";
		};
		2D6537A4271874100047E161 /* MainScreen */ = {
			isa = PBXGroup;
			children = (
				2D6537A52718742D0047E161 /* MainScreenViewController.swift */,
				2D6537A62718742D0047E161 /* MainScreenViewController.xib */,
				2D6537AA271874480047E161 /* MainScreenViewModel.swift */,
			);
			path = MainScreen;
			sourceTree = "<group>";
		};
		2D6537AC27187A220047E161 /* Coordinators */ = {
			isa = PBXGroup;
			children = (
				2D6537AD27187A380047E161 /* AppCoordinator.swift */,
			);
			path = Coordinators;
			sourceTree = "<group>";
		};
/* End PBXGroup section */

/* Begin PBXNativeTarget section */
		2D65376A27186F9E0047E161 /* weather */ = {
			isa = PBXNativeTarget;
			buildConfigurationList = 2D65379527186FA00047E161 /* Build configuration list for PBXNativeTarget "weather" */;
			buildPhases = (
				2D65376727186F9E0047E161 /* Sources */,
				2D65376827186F9E0047E161 /* Frameworks */,
				2D65376927186F9E0047E161 /* Resources */,
			);
			buildRules = (
			);
			dependencies = (
			);
			name = weather;
			productName = weather;
			productReference = 2D65376B27186F9E0047E161 /* weather.app */;
			productType = "com.apple.product-type.application";
		};
		2D65378027186FA00047E161 /* weatherTests */ = {
			isa = PBXNativeTarget;
			buildConfigurationList = 2D65379827186FA00047E161 /* Build configuration list for PBXNativeTarget "weatherTests" */;
			buildPhases = (
				2D65377D27186FA00047E161 /* Sources */,
				2D65377E27186FA00047E161 /* Frameworks */,
				2D65377F27186FA00047E161 /* Resources */,
			);
			buildRules = (
			);
			dependencies = (
				2D65378327186FA00047E161 /* PBXTargetDependency */,
			);
			name = weatherTests;
			productName = weatherTests;
			productReference = 2D65378127186FA00047E161 /* weatherTests.xctest */;
			productType = "com.apple.product-type.bundle.unit-test";
		};
		2D65378B27186FA00047E161 /* weatherUITests */ = {
			isa = PBXNativeTarget;
			buildConfigurationList = 2D65379B27186FA00047E161 /* Build configuration list for PBXNativeTarget "weatherUITests" */;
			buildPhases = (
				2D65378827186FA00047E161 /* Sources */,
				2D65378927186FA00047E161 /* Frameworks */,
				2D65378A27186FA00047E161 /* Resources */,
			);
			buildRules = (
			);
			dependencies = (
				2D65378E27186FA00047E161 /* PBXTargetDependency */,
			);
			name = weatherUITests;
			productName = weatherUITests;
			productReference = 2D65378C27186FA00047E161 /* weatherUITests.xctest */;
			productType = "com.apple.product-type.bundle.ui-testing";
		};
/* End PBXNativeTarget section */

/* Begin PBXProject section */
		2D65376327186F9E0047E161 /* Project object */ = {
			isa = PBXProject;
			attributes = {
				LastSwiftUpdateCheck = 1250;
				LastUpgradeCheck = 1250;
				TargetAttributes = {
					2D65376A27186F9E0047E161 = {
						CreatedOnToolsVersion = 12.5.1;
					};
					2D65378027186FA00047E161 = {
						CreatedOnToolsVersion = 12.5.1;
						TestTargetID = 2D65376A27186F9E0047E161;
					};
					2D65378B27186FA00047E161 = {
						CreatedOnToolsVersion = 12.5.1;
						TestTargetID = 2D65376A27186F9E0047E161;
					};
				};
			};
			buildConfigurationList = 2D65376627186F9E0047E161 /* Build configuration list for PBXProject "weather" */;
			compatibilityVersion = "Xcode 9.3";
			developmentRegion = en;
			hasScannedForEncodings = 0;
			knownRegions = (
				en,
				Base,
			);
			mainGroup = 2D65376227186F9E0047E161;
			productRefGroup = 2D65376C27186F9E0047E161 /* Products */;
			projectDirPath = "";
			projectRoot = "";
			targets = (
				2D65376A27186F9E0047E161 /* weather */,
				2D65378027186FA00047E161 /* weatherTests */,
				2D65378B27186FA00047E161 /* weatherUITests */,
			);
		};
/* End PBXProject section */

/* Begin PBXResourcesBuildPhase section */
		2D65376927186F9E0047E161 /* Resources */ = {
			isa = PBXResourcesBuildPhase;
			buildActionMask = 2147483647;
			files = (
				2D65377B27186FA00047E161 /* LaunchScreen.storyboard in Resources */,
				2D6537A82718742D0047E161 /* MainScreenViewController.xib in Resources */,
				2D65377827186FA00047E161 /* Assets.xcassets in Resources */,
				2D65377627186F9E0047E161 /* Weather.storyboard in Resources */,
			);
			runOnlyForDeploymentPostprocessing = 0;
		};
		2D65377F27186FA00047E161 /* Resources */ = {
			isa = PBXResourcesBuildPhase;
			buildActionMask = 2147483647;
			files = (
			);
			runOnlyForDeploymentPostprocessing = 0;
		};
		2D65378A27186FA00047E161 /* Resources */ = {
			isa = PBXResourcesBuildPhase;
			buildActionMask = 2147483647;
			files = (
			);
			runOnlyForDeploymentPostprocessing = 0;
		};
/* End PBXResourcesBuildPhase section */

/* Begin PBXSourcesBuildPhase section */
		2D65376727186F9E0047E161 /* Sources */ = {
			isa = PBXSourcesBuildPhase;
			buildActionMask = 2147483647;
			files = (
				2D6537AE27187A380047E161 /* AppCoordinator.swift in Sources */,
				2D65376F27186F9E0047E161 /* AppDelegate.swift in Sources */,
				2D6537A72718742D0047E161 /* MainScreenViewController.swift in Sources */,
				2D6537AB271874480047E161 /* MainScreenViewModel.swift in Sources */,
			);
			runOnlyForDeploymentPostprocessing = 0;
		};
		2D65377D27186FA00047E161 /* Sources */ = {
			isa = PBXSourcesBuildPhase;
			buildActionMask = 2147483647;
			files = (
				2D65378627186FA00047E161 /* weatherTests.swift in Sources */,
			);
			runOnlyForDeploymentPostprocessing = 0;
		};
		2D65378827186FA00047E161 /* Sources */ = {
			isa = PBXSourcesBuildPhase;
			buildActionMask = 2147483647;
			files = (
				2D65379127186FA00047E161 /* weatherUITests.swift in Sources */,
			);
			runOnlyForDeploymentPostprocessing = 0;
		};
/* End PBXSourcesBuildPhase section */

/* Begin PBXTargetDependency section */
		2D65378327186FA00047E161 /* PBXTargetDependency */ = {
			isa = PBXTargetDependency;
			target = 2D65376A27186F9E0047E161 /* weather */;
			targetProxy = 2D65378227186FA00047E161 /* PBXContainerItemProxy */;
		};
		2D65378E27186FA00047E161 /* PBXTargetDependency */ = {
			isa = PBXTargetDependency;
			target = 2D65376A27186F9E0047E161 /* weather */;
			targetProxy = 2D65378D27186FA00047E161 /* PBXContainerItemProxy */;
		};
/* End PBXTargetDependency section */

/* Begin PBXVariantGroup section */
		2D65377427186F9E0047E161 /* Weather.storyboard */ = {
			isa = PBXVariantGroup;
			children = (
				2D65377527186F9E0047E161 /* Base */,
			);
			name = Weather.storyboard;
			sourceTree = "<group>";
		};
		2D65377927186FA00047E161 /* LaunchScreen.storyboard */ = {
			isa = PBXVariantGroup;
			children = (
				2D65377A27186FA00047E161 /* Base */,
			);
			name = LaunchScreen.storyboard;
			sourceTree = "<group>";
		};
/* End PBXVariantGroup section */

/* Begin XCBuildConfiguration section */
		2D65379327186FA00047E161 /* Debug */ = {
			isa = XCBuildConfiguration;
			buildSettings = {
				ALWAYS_SEARCH_USER_PATHS = NO;
				CLANG_ANALYZER_NONNULL = YES;
				CLANG_ANALYZER_NUMBER_OBJECT_CONVERSION = YES_AGGRESSIVE;
				CLANG_CXX_LANGUAGE_STANDARD = "gnu++14";
				CLANG_CXX_LIBRARY = "libc++";
				CLANG_ENABLE_MODULES = YES;
				CLANG_ENABLE_OBJC_ARC = YES;
				CLANG_ENABLE_OBJC_WEAK = YES;
				CLANG_WARN_BLOCK_CAPTURE_AUTORELEASING = YES;
				CLANG_WARN_BOOL_CONVERSION = YES;
				CLANG_WARN_COMMA = YES;
				CLANG_WARN_CONSTANT_CONVERSION = YES;
				CLANG_WARN_DEPRECATED_OBJC_IMPLEMENTATIONS = YES;
				CLANG_WARN_DIRECT_OBJC_ISA_USAGE = YES_ERROR;
				CLANG_WARN_DOCUMENTATION_COMMENTS = YES;
				CLANG_WARN_EMPTY_BODY = YES;
				CLANG_WARN_ENUM_CONVERSION = YES;
				CLANG_WARN_INFINITE_RECURSION = YES;
				CLANG_WARN_INT_CONVERSION = YES;
				CLANG_WARN_NON_LITERAL_NULL_CONVERSION = YES;
				CLANG_WARN_OBJC_IMPLICIT_RETAIN_SELF = YES;
				CLANG_WARN_OBJC_LITERAL_CONVERSION = YES;
				CLANG_WARN_OBJC_ROOT_CLASS = YES_ERROR;
				CLANG_WARN_QUOTED_INCLUDE_IN_FRAMEWORK_HEADER = YES;
				CLANG_WARN_RANGE_LOOP_ANALYSIS = YES;
				CLANG_WARN_STRICT_PROTOTYPES = YES;
				CLANG_WARN_SUSPICIOUS_MOVE = YES;
				CLANG_WARN_UNGUARDED_AVAILABILITY = YES_AGGRESSIVE;
				CLANG_WARN_UNREACHABLE_CODE = YES;
				CLANG_WARN__DUPLICATE_METHOD_MATCH = YES;
				COPY_PHASE_STRIP = NO;
				DEBUG_INFORMATION_FORMAT = dwarf;
				ENABLE_STRICT_OBJC_MSGSEND = YES;
				ENABLE_TESTABILITY = YES;
				GCC_C_LANGUAGE_STANDARD = gnu11;
				GCC_DYNAMIC_NO_PIC = NO;
				GCC_NO_COMMON_BLOCKS = YES;
				GCC_OPTIMIZATION_LEVEL = 0;
				GCC_PREPROCESSOR_DEFINITIONS = (
					"DEBUG=1",
					"$(inherited)",
				);
				GCC_WARN_64_TO_32_BIT_CONVERSION = YES;
				GCC_WARN_ABOUT_RETURN_TYPE = YES_ERROR;
				GCC_WARN_UNDECLARED_SELECTOR = YES;
				GCC_WARN_UNINITIALIZED_AUTOS = YES_AGGRESSIVE;
				GCC_WARN_UNUSED_FUNCTION = YES;
				GCC_WARN_UNUSED_VARIABLE = YES;
				IPHONEOS_DEPLOYMENT_TARGET = 13.0;
				MTL_ENABLE_DEBUG_INFO = INCLUDE_SOURCE;
				MTL_FAST_MATH = YES;
				ONLY_ACTIVE_ARCH = YES;
				SDKROOT = iphoneos;
				SWIFT_ACTIVE_COMPILATION_CONDITIONS = DEBUG;
				SWIFT_OPTIMIZATION_LEVEL = "-Onone";
			};
			name = Debug;
		};
		2D65379427186FA00047E161 /* Release */ = {
			isa = XCBuildConfiguration;
			buildSettings = {
				ALWAYS_SEARCH_USER_PATHS = NO;
				CLANG_ANALYZER_NONNULL = YES;
				CLANG_ANALYZER_NUMBER_OBJECT_CONVERSION = YES_AGGRESSIVE;
				CLANG_CXX_LANGUAGE_STANDARD = "gnu++14";
				CLANG_CXX_LIBRARY = "libc++";
				CLANG_ENABLE_MODULES = YES;
				CLANG_ENABLE_OBJC_ARC = YES;
				CLANG_ENABLE_OBJC_WEAK = YES;
				CLANG_WARN_BLOCK_CAPTURE_AUTORELEASING = YES;
				CLANG_WARN_BOOL_CONVERSION = YES;
				CLANG_WARN_COMMA = YES;
				CLANG_WARN_CONSTANT_CONVERSION = YES;
				CLANG_WARN_DEPRECATED_OBJC_IMPLEMENTATIONS = YES;
				CLANG_WARN_DIRECT_OBJC_ISA_USAGE = YES_ERROR;
				CLANG_WARN_DOCUMENTATION_COMMENTS = YES;
				CLANG_WARN_EMPTY_BODY = YES;
				CLANG_WARN_ENUM_CONVERSION = YES;
				CLANG_WARN_INFINITE_RECURSION = YES;
				CLANG_WARN_INT_CONVERSION = YES;
				CLANG_WARN_NON_LITERAL_NULL_CONVERSION = YES;
				CLANG_WARN_OBJC_IMPLICIT_RETAIN_SELF = YES;
				CLANG_WARN_OBJC_LITERAL_CONVERSION = YES;
				CLANG_WARN_OBJC_ROOT_CLASS = YES_ERROR;
				CLANG_WARN_QUOTED_INCLUDE_IN_FRAMEWORK_HEADER = YES;
				CLANG_WARN_RANGE_LOOP_ANALYSIS = YES;
				CLANG_WARN_STRICT_PROTOTYPES = YES;
				CLANG_WARN_SUSPICIOUS_MOVE = YES;
				CLANG_WARN_UNGUARDED_AVAILABILITY = YES_AGGRESSIVE;
				CLANG_WARN_UNREACHABLE_CODE = YES;
				CLANG_WARN__DUPLICATE_METHOD_MATCH = YES;
				COPY_PHASE_STRIP = NO;
				DEBUG_INFORMATION_FORMAT = "dwarf-with-dsym";
				ENABLE_NS_ASSERTIONS = NO;
				ENABLE_STRICT_OBJC_MSGSEND = YES;
				GCC_C_LANGUAGE_STANDARD = gnu11;
				GCC_NO_COMMON_BLOCKS = YES;
				GCC_WARN_64_TO_32_BIT_CONVERSION = YES;
				GCC_WARN_ABOUT_RETURN_TYPE = YES_ERROR;
				GCC_WARN_UNDECLARED_SELECTOR = YES;
				GCC_WARN_UNINITIALIZED_AUTOS = YES_AGGRESSIVE;
				GCC_WARN_UNUSED_FUNCTION = YES;
				GCC_WARN_UNUSED_VARIABLE = YES;
				IPHONEOS_DEPLOYMENT_TARGET = 13.0;
				MTL_ENABLE_DEBUG_INFO = NO;
				MTL_FAST_MATH = YES;
				SDKROOT = iphoneos;
				SWIFT_COMPILATION_MODE = wholemodule;
				SWIFT_OPTIMIZATION_LEVEL = "-O";
				VALIDATE_PRODUCT = YES;
			};
			name = Release;
		};
		2D65379627186FA00047E161 /* Debug */ = {
			isa = XCBuildConfiguration;
			buildSettings = {
				ASSETCATALOG_COMPILER_APPICON_NAME = AppIcon;
				ASSETCATALOG_COMPILER_GLOBAL_ACCENT_COLOR_NAME = AccentColor;
				CODE_SIGN_STYLE = Automatic;
				INFOPLIST_FILE = weather/Info.plist;
				LD_RUNPATH_SEARCH_PATHS = (
					"$(inherited)",
					"@executable_path/Frameworks",
				);
				PRODUCT_BUNDLE_IDENTIFIER = com.sample.weather;
				PRODUCT_NAME = "$(TARGET_NAME)";
				SWIFT_VERSION = 5.0;
				TARGETED_DEVICE_FAMILY = "1,2";
			};
			name = Debug;
		};
		2D65379727186FA00047E161 /* Release */ = {
			isa = XCBuildConfiguration;
			buildSettings = {
				ASSETCATALOG_COMPILER_APPICON_NAME = AppIcon;
				ASSETCATALOG_COMPILER_GLOBAL_ACCENT_COLOR_NAME = AccentColor;
				CODE_SIGN_STYLE = Automatic;
				INFOPLIST_FILE = weather/Info.plist;
				LD_RUNPATH_SEARCH_PATHS = (
					"$(inherited)",
					"@executable_path/Frameworks",
				);
				PRODUCT_BUNDLE_IDENTIFIER = com.sample.weather;
				PRODUCT_NAME = "$(TARGET_NAME)";
				SWIFT_VERSION = 5.0;
				TARGETED_DEVICE_FAMILY = "1,2";
			};
			name = Release;
		};
		2D65379927186FA00047E161 /* Debug */ = {
			isa = XCBuildConfiguration;
			buildSettings = {
				ALWAYS_EMBED_SWIFT_STANDARD_LIBRARIES = YES;
				BUNDLE_LOADER = "$(TEST_HOST)";
				CODE_SIGN_STYLE = Automatic;
				INFOPLIST_FILE = weatherTests/Info.plist;
				IPHONEOS_DEPLOYMENT_TARGET = 14.5;
				LD_RUNPATH_SEARCH_PATHS = (
					"$(inherited)",
					"@executable_path/Frameworks",
					"@loader_path/Frameworks",
				);
				PRODUCT_BUNDLE_IDENTIFIER = com.sample.weatherTests;
				PRODUCT_NAME = "$(TARGET_NAME)";
				SWIFT_VERSION = 5.0;
				TARGETED_DEVICE_FAMILY = "1,2";
				TEST_HOST = "$(BUILT_PRODUCTS_DIR)/weather.app/weather";
			};
			name = Debug;
		};
		2D65379A27186FA00047E161 /* Release */ = {
			isa = XCBuildConfiguration;
			buildSettings = {
				ALWAYS_EMBED_SWIFT_STANDARD_LIBRARIES = YES;
				BUNDLE_LOADER = "$(TEST_HOST)";
				CODE_SIGN_STYLE = Automatic;
				INFOPLIST_FILE = weatherTests/Info.plist;
				IPHONEOS_DEPLOYMENT_TARGET = 14.5;
				LD_RUNPATH_SEARCH_PATHS = (
					"$(inherited)",
					"@executable_path/Frameworks",
					"@loader_path/Frameworks",
				);
				PRODUCT_BUNDLE_IDENTIFIER = com.sample.weatherTests;
				PRODUCT_NAME = "$(TARGET_NAME)";
				SWIFT_VERSION = 5.0;
				TARGETED_DEVICE_FAMILY = "1,2";
				TEST_HOST = "$(BUILT_PRODUCTS_DIR)/weather.app/weather";
			};
			name = Release;
		};
		2D65379C27186FA00047E161 /* Debug */ = {
			isa = XCBuildConfiguration;
			buildSettings = {
				ALWAYS_EMBED_SWIFT_STANDARD_LIBRARIES = YES;
				CODE_SIGN_STYLE = Automatic;
				INFOPLIST_FILE = weatherUITests/Info.plist;
				LD_RUNPATH_SEARCH_PATHS = (
					"$(inherited)",
					"@executable_path/Frameworks",
					"@loader_path/Frameworks",
				);
				PRODUCT_BUNDLE_IDENTIFIER = com.sample.weatherUITests;
				PRODUCT_NAME = "$(TARGET_NAME)";
				SWIFT_VERSION = 5.0;
				TARGETED_DEVICE_FAMILY = "1,2";
				TEST_TARGET_NAME = weather;
			};
			name = Debug;
		};
		2D65379D27186FA00047E161 /* Release */ = {
			isa = XCBuildConfiguration;
			buildSettings = {
				ALWAYS_EMBED_SWIFT_STANDARD_LIBRARIES = YES;
				CODE_SIGN_STYLE = Automatic;
				INFOPLIST_FILE = weatherUITests/Info.plist;
				LD_RUNPATH_SEARCH_PATHS = (
					"$(inherited)",
					"@executable_path/Frameworks",
					"@loader_path/Frameworks",
				);
				PRODUCT_BUNDLE_IDENTIFIER = com.sample.weatherUITests;
				PRODUCT_NAME = "$(TARGET_NAME)";
				SWIFT_VERSION = 5.0;
				TARGETED_DEVICE_FAMILY = "1,2";
				TEST_TARGET_NAME = weather;
			};
			name = Release;
		};
/* End XCBuildConfiguration section */

/* Begin XCConfigurationList section */
		2D65376627186F9E0047E161 /* Build configuration list for PBXProject "weather" */ = {
			isa = XCConfigurationList;
			buildConfigurations = (
				2D65379327186FA00047E161 /* Debug */,
				2D65379427186FA00047E161 /* Release */,
			);
			defaultConfigurationIsVisible = 0;
			defaultConfigurationName = Release;
		};
		2D65379527186FA00047E161 /* Build configuration list for PBXNativeTarget "weather" */ = {
			isa = XCConfigurationList;
			buildConfigurations = (
				2D65379627186FA00047E161 /* Debug */,
				2D65379727186FA00047E161 /* Release */,
			);
			defaultConfigurationIsVisible = 0;
			defaultConfigurationName = Release;
		};
		2D65379827186FA00047E161 /* Build configuration list for PBXNativeTarget "weatherTests" */ = {
			isa = XCConfigurationList;
			buildConfigurations = (
				2D65379927186FA00047E161 /* Debug */,
				2D65379A27186FA00047E161 /* Release */,
			);
			defaultConfigurationIsVisible = 0;
			defaultConfigurationName = Release;
		};
		2D65379B27186FA00047E161 /* Build configuration list for PBXNativeTarget "weatherUITests" */ = {
			isa = XCConfigurationList;
			buildConfigurations = (
				2D65379C27186FA00047E161 /* Debug */,
				2D65379D27186FA00047E161 /* Release */,
			);
			defaultConfigurationIsVisible = 0;
			defaultConfigurationName = Release;
		};
/* End XCConfigurationList section */
	};
	rootObject = 2D65376327186F9E0047E161 /* Project object */;
}
